
Microsoft Visual Studio Solution File, Format Version 12.00
# Visual Studio Version 16
VisualStudioVersion = 16.0.29215.179
MinimumVisualStudioVersion = 10.0.40219.1
Project("{8BC9CEB8-8B4A-11D0-8D11-00A0C91BC942}") = "EntityComponentSystem", "EntityComponentSystem\EntityComponentSystem.vcxproj", "{C2D67E50-6DE0-4EAD-A656-91C754AF4441}"
EndProject
Project("{8BC9CEB8-8B4A-11D0-8D11-00A0C91BC942}") = "Example", "Example\Example.vcxproj", "{52BB8B60-FDC1-400A-B97F-E3508AA35A0C}"
	ProjectSection(ProjectDependencies) = postProject
		{C2D67E50-6DE0-4EAD-A656-91C754AF4441} = {C2D67E50-6DE0-4EAD-A656-91C754AF4441}
		{C0F7B358-2293-42BD-A99C-601EF1530481} = {C0F7B358-2293-42BD-A99C-601EF1530481}
	EndProjectSection
EndProject
Project("{8BC9CEB8-8B4A-11D0-8D11-00A0C91BC942}") = "PbrRenderer", "PbrRenderer\PbrRenderer.vcxproj", "{C0F7B358-2293-42BD-A99C-601EF1530481}"
	ProjectSection(ProjectDependencies) = postProject
		{36041E45-05BA-44B8-BA43-81BF1535D506} = {36041E45-05BA-44B8-BA43-81BF1535D506}
		{C2D67E50-6DE0-4EAD-A656-91C754AF4441} = {C2D67E50-6DE0-4EAD-A656-91C754AF4441}
	EndProjectSection
EndProject
Project("{8BC9CEB8-8B4A-11D0-8D11-00A0C91BC942}") = "Core", "Core\Core.vcxproj", "{36041E45-05BA-44B8-BA43-81BF1535D506}"
EndProject
Global
	GlobalSection(SolutionConfigurationPlatforms) = preSolution
		Debug|x64 = Debug|x64
		Debug|x86 = Debug|x86
		Release|x64 = Release|x64
		Release|x86 = Release|x86
	EndGlobalSection
	GlobalSection(ProjectConfigurationPlatforms) = postSolution
		{C2D67E50-6DE0-4EAD-A656-91C754AF4441}.Debug|x64.ActiveCfg = Debug|x64
		{C2D67E50-6DE0-4EAD-A656-91C754AF4441}.Debug|x64.Build.0 = Debug|x64
		{C2D67E50-6DE0-4EAD-A656-91C754AF4441}.Debug|x86.ActiveCfg = Debug|Win32
		{C2D67E50-6DE0-4EAD-A656-91C754AF4441}.Debug|x86.Build.0 = Debug|Win32
		{C2D67E50-6DE0-4EAD-A656-91C754AF4441}.Release|x64.ActiveCfg = Release|x64
		{C2D67E50-6DE0-4EAD-A656-91C754AF4441}.Release|x64.Build.0 = Release|x64
		{C2D67E50-6DE0-4EAD-A656-91C754AF4441}.Release|x86.ActiveCfg = Release|Win32
		{C2D67E50-6DE0-4EAD-A656-91C754AF4441}.Release|x86.Build.0 = Release|Win32
		{52BB8B60-FDC1-400A-B97F-E3508AA35A0C}.Debug|x64.ActiveCfg = Debug|x64
		{52BB8B60-FDC1-400A-B97F-E3508AA35A0C}.Debug|x64.Build.0 = Debug|x64
		{52BB8B60-FDC1-400A-B97F-E3508AA35A0C}.Debug|x86.ActiveCfg = Debug|Win32
		{52BB8B60-FDC1-400A-B97F-E3508AA35A0C}.Debug|x86.Build.0 = Debug|Win32
		{52BB8B60-FDC1-400A-B97F-E3508AA35A0C}.Release|x64.ActiveCfg = Release|x64
		{52BB8B60-FDC1-400A-B97F-E3508AA35A0C}.Release|x64.Build.0 = Release|x64
		{52BB8B60-FDC1-400A-B97F-E3508AA35A0C}.Release|x86.ActiveCfg = Release|Win32
		{52BB8B60-FDC1-400A-B97F-E3508AA35A0C}.Release|x86.Build.0 = Release|Win32
		{C0F7B358-2293-42BD-A99C-601EF1530481}.Debug|x64.ActiveCfg = Debug|x64
		{C0F7B358-2293-42BD-A99C-601EF1530481}.Debug|x64.Build.0 = Debug|x64
		{C0F7B358-2293-42BD-A99C-601EF1530481}.Debug|x86.ActiveCfg = Debug|Win32
		{C0F7B358-2293-42BD-A99C-601EF1530481}.Debug|x86.Build.0 = Debug|Win32
		{C0F7B358-2293-42BD-A99C-601EF1530481}.Release|x64.ActiveCfg = Release|x64
		{C0F7B358-2293-42BD-A99C-601EF1530481}.Release|x64.Build.0 = Release|x64
		{C0F7B358-2293-42BD-A99C-601EF1530481}.Release|x86.ActiveCfg = Release|Win32
		{C0F7B358-2293-42BD-A99C-601EF1530481}.Release|x86.Build.0 = Release|Win32
		{36041E45-05BA-44B8-BA43-81BF1535D506}.Debug|x64.ActiveCfg = Debug|x64
		{36041E45-05BA-44B8-BA43-81BF1535D506}.Debug|x64.Build.0 = Debug|x64
		{36041E45-05BA-44B8-BA43-81BF1535D506}.Debug|x86.ActiveCfg = Debug|Win32
		{36041E45-05BA-44B8-BA43-81BF1535D506}.Debug|x86.Build.0 = Debug|Win32
		{36041E45-05BA-44B8-BA43-81BF1535D506}.Release|x64.ActiveCfg = Release|x64
		{36041E45-05BA-44B8-BA43-81BF1535D506}.Release|x64.Build.0 = Release|x64
		{36041E45-05BA-44B8-BA43-81BF1535D506}.Release|x86.ActiveCfg = Release|Win32
		{36041E45-05BA-44B8-BA43-81BF1535D506}.Release|x86.Build.0 = Release|Win32
	EndGlobalSection
	GlobalSection(SolutionProperties) = preSolution
		HideSolutionNode = FALSE
	EndGlobalSection
	GlobalSection(ExtensibilityGlobals) = postSolution
		SolutionGuid = {65501E2A-8F6E-4FC1-99C6-3FA5C1374160}
	EndGlobalSection
EndGlobal
